# THIS IS AN AUTOGENERATED FILE. DO NOT EDIT THIS FILE DIRECTLY.
# yarn lockfile v1


flow-bin@0.42.0:
  version "0.42.0"
  resolved "https://registry.yarnpkg.com/flow-bin/-/flow-bin-0.42.0.tgz#05dd754b6b052de7b150f9210e2160746961e3cf"

lodash.clonedeep@^4.5.0:
  version "4.5.0"
  resolved "https://registry.yarnpkg.com/lodash.clonedeep/-/lodash.clonedeep-4.5.0.tgz#e23f3f9c4f8fbdde872529c1071857a086e5ccef"

lodash.set@^4.3.2:
  version "4.3.2"
  resolved "https://registry.yarnpkg.com/lodash.set/-/lodash.set-4.3.2.tgz#d8757b1da807dde24816b0d6a84bea1a76230b23"

react-validation-layer@^1.0.0-beta.3:
  version "1.0.0-beta.3"
  resolved "https://registry.yarnpkg.com/react-validation-layer/-/react-validation-layer-1.0.0-beta.3.tgz#4a8349e455c29878c1aca1d08075782448b0db20"
  dependencies:
    lodash.clonedeep "^4.5.0"
    lodash.set "^4.3.2"
